# THIS IS AN AUTOGENERATED FILE. DO NOT EDIT THIS FILE DIRECTLY.
# yarn lockfile v1


buffer-crc32@0.1.1:
  version "0.1.1"
  resolved "https://registry.yarnpkg.com/buffer-crc32/-/buffer-crc32-0.1.1.tgz#7e110dc9953908ab7c32acdc70c9f945b1cbc526"
  integrity sha1-fhENyZU5CKt8MqzccMn5RbHLxSY=

buffer-crc32@~0.2.1:
  version "0.2.13"
  resolved "https://registry.yarnpkg.com/buffer-crc32/-/buffer-crc32-0.2.13.tgz#0d333e3f00eac50aa1454abd30ef8c2a5d9a7242"
  integrity sha1-DTM+PwDqxQqhRUq9MO+MKl2ackI=

bytes@0.2.0:
  version "0.2.0"
  resolved "https://registry.yarnpkg.com/bytes/-/bytes-0.2.0.tgz#aad33ec14e3dc2ca74e8e7d451f9ba053ad4f7a0"
  integrity sha1-qtM+wU49wsp06OfUUfm6BTrU96A=

commander@0.6.1:
  version "0.6.1"
  resolved "https://registry.yarnpkg.com/commander/-/commander-0.6.1.tgz#fa68a14f6a945d54dbbe50d8cdb3320e9e3b1a06"
  integrity sha1-+mihT2qUXVTbvlDYzbMyDp47GgY=

connect@2.7.5:
  version "2.7.5"
  resolved "https://registry.yarnpkg.com/connect/-/connect-2.7.5.tgz#139111b4b03f0533a524927a88a646ae467b2c02"
  integrity sha1-E5ERtLA/BTOlJJJ6iKZGrkZ7LAI=
  dependencies:
    buffer-crc32 "0.1.1"
    bytes "0.2.0"
    cookie "0.0.5"
    cookie-signature "1.0.0"
    debug "*"
    formidable "1.0.11"
    fresh "0.1.0"
    pause "0.0.1"
    qs "0.5.1"
    send "0.1.0"

cookie-signature@1.0.0:
  version "1.0.0"
  resolved "https://registry.yarnpkg.com/cookie-signature/-/cookie-signature-1.0.0.tgz#0044f332ac623df851c914e88eacc57f0c9704fe"
  integrity sha1-AETzMqxiPfhRyRTojqzFfwyXBP4=

cookie@0.0.5:
  version "0.0.5"
  resolved "https://registry.yarnpkg.com/cookie/-/cookie-0.0.5.tgz#f9acf9db57eb7568c9fcc596256b7bb22e307c81"
  integrity sha1-+az521frdWjJ/MWWJWt7si4wfIE=

debug@*:
  version "4.3.1"
  resolved "https://registry.yarnpkg.com/debug/-/debug-4.3.1.tgz#f0d229c505e0c6d8c49ac553d1b13dc183f6b2ee"
  integrity sha512-doEwdvm4PCeK4K3RQN2ZC2BYUBaxwLARCqZmMjtF8a51J2Rb0xpVloFRnCODwqjpwnAoao4pelN8l3RJdv3gRQ==
  dependencies:
    ms "2.1.2"

express@3.1.x:
  version "3.1.2"
  resolved "https://registry.yarnpkg.com/express/-/express-3.1.2.tgz#52a02c8db8f22bbfa0d7478d847cd45161f985f7"
  integrity sha1-UqAsjbjyK7+g10eNhHzUUWH5hfc=
  dependencies:
    buffer-crc32 "~0.2.1"
    commander "0.6.1"
    connect "2.7.5"
    cookie "0.0.5"
    cookie-signature "1.0.0"
    debug "*"
    fresh "0.1.0"
    methods "0.0.1"
    mkdirp "~0.3.4"
    range-parser "0.0.4"
    send "0.1.0"

formidable@1.0.11:
  version "1.0.11"
  resolved "https://registry.yarnpkg.com/formidable/-/formidable-1.0.11.tgz#68f63325a035e644b6f7bb3d11243b9761de1b30"
  integrity sha1-aPYzJaA15kS297s9ESQ7l2HeGzA=

fresh@0.1.0:
  version "0.1.0"
  resolved "https://registry.yarnpkg.com/fresh/-/fresh-0.1.0.tgz#03e4b0178424e4c2d5d19a54d8814cdc97934850"
  integrity sha1-A+SwF4Qk5MLV0ZpU2IFM3JeTSFA=

fullpage.js@^3.0.4:
  version "3.0.9"
  resolved "https://registry.yarnpkg.com/fullpage.js/-/fullpage.js-3.0.9.tgz#fc7dba41d521f020a51e9c00fb0fee0d2e11d552"
  integrity sha512-CBJZwOkOjX/RToG0L93LwJW4a+/67+AqGEvEagWh1N5KRgDXEOVKlo/TJzCzSI1LsOulb7yqXE8mOzRZzqeYMA==

jquery@>=1.8.3, jquery@^3.3.1:
  version "3.5.1"
  resolved "https://registry.yarnpkg.com/jquery/-/jquery-3.5.1.tgz#d7b4d08e1bfdb86ad2f1a3d039ea17304717abb5"
  integrity sha512-XwIBPqcMn57FxfT+Go5pzySnm4KWkT1Tv7gjrpT1srtf8Weynl6R273VJ5GjkRb51IzMp5nbaPjJXMWeju2MKg==

methods@0.0.1:
  version "0.0.1"
  resolved "https://registry.yarnpkg.com/methods/-/methods-0.0.1.tgz#277c90f8bef39709645a8371c51c3b6c648e068c"
  integrity sha1-J3yQ+L7zlwlkWoNxxRw7bGSOBow=

mime@1.2.6:
  version "1.2.6"
  resolved "https://registry.yarnpkg.com/mime/-/mime-1.2.6.tgz#b1f86c768c025fa87b48075f1709f28aeaf20365"
  integrity sha1-sfhsdowCX6h7SAdfFwnyiuryA2U=

mkdirp@~0.3.4:
  version "0.3.5"
  resolved "https://registry.yarnpkg.com/mkdirp/-/mkdirp-0.3.5.tgz#de3e5f8961c88c787ee1368df849ac4413eca8d7"
  integrity sha1-3j5fiWHIjHh+4TaN+EmsRBPsqNc=

ms@2.1.2:
  version "2.1.2"
  resolved "https://registry.yarnpkg.com/ms/-/ms-2.1.2.tgz#d09d1f357b443f493382a8eb3ccd183872ae6009"
  integrity sha512-sGkPx+VjMtmA6MX27oA4FBFELFCZZ4S4XqeGOXCv68tT+jb3vk/RyaKWP0PTKyWtmLSM0b+adUTEvbs1PEaH2w==

node-bin-setup@^1.0.0:
  version "1.0.6"
  resolved "https://registry.yarnpkg.com/node-bin-setup/-/node-bin-setup-1.0.6.tgz#4b5c9bb937ece702d7069b36ca78af4684677528"
  integrity sha512-uPIxXNis1CRbv1DwqAxkgBk5NFV3s7cMN/Gf556jSw6jBvV7ca4F9lRL/8cALcZecRibeqU+5dFYqFFmzv5a0Q==

node@^15.10.0:
  version "15.10.0"
  resolved "https://registry.yarnpkg.com/node/-/node-15.10.0.tgz#082a1e03cb4b58199d4b427b379dca6053193260"
  integrity sha512-JboERsul33BpTDeth8SsGWg/gTZfNEWGMT5HVqIoyepRwAARznCjwdWvLHHd/A9bvAYFp5zaq46RnVArWz44kA==
  dependencies:
    node-bin-setup "^1.0.0"

owl.carousel@^2.3.4:
  version "2.3.4"
  resolved "https://registry.yarnpkg.com/owl.carousel/-/owl.carousel-2.3.4.tgz#6c53dc8d24304b790e4f27a1dc4a655e973ccdc9"
  integrity sha512-JaDss9+feAvEW8KZppPSpllfposEzQiW+Ytt/Xm5t/3CTJ7YVmkh6RkWixoA2yXk2boIwedYxOvrrppIGzru9A==
  dependencies:
    jquery ">=1.8.3"

pagepiling.js@^1.5.5:
  version "1.5.6"
  resolved "https://registry.yarnpkg.com/pagepiling.js/-/pagepiling.js-1.5.6.tgz#70744a6eab291de29c22c8b58e017ed9032e3abe"
  integrity sha512-FhiVFGrIOJ135YSDbfPamH+Llz9imQ0Z1K1lUxPiZHziXtOXgx74Jr44a+7IrSuqQxp1IYDhQoMN2pKmpG1kMQ==

pause@0.0.1:
  version "0.0.1"
  resolved "https://registry.yarnpkg.com/pause/-/pause-0.0.1.tgz#1d408b3fdb76923b9543d96fb4c9dfd535d9cb5d"
  integrity sha1-HUCLP9t2kjuVQ9lvtMnf1TXZy10=

qs@0.5.1:
  version "0.5.1"
  resolved "https://registry.yarnpkg.com/qs/-/qs-0.5.1.tgz#9f6bf5d9ac6c76384e95d36d15b48980e5e4add0"
  integrity sha1-n2v12axsdjhOldNtFbSJgOXkrdA=

range-parser@0.0.4:
  version "0.0.4"
  resolved "https://registry.yarnpkg.com/range-parser/-/range-parser-0.0.4.tgz#c0427ffef51c10acba0782a46c9602e744ff620b"
  integrity sha1-wEJ//vUcEKy6B4KkbJYC50T/Ygs=

send@0.1.0:
  version "0.1.0"
  resolved "https://registry.yarnpkg.com/send/-/send-0.1.0.tgz#cfb08ebd3cec9b7fc1a37d9ff9e875a971cf4640"
  integrity sha1-z7COvTzsm3/Bo32f+eh1qXHPRkA=
  dependencies:
    debug "*"
    fresh "0.1.0"
    mime "1.2.6"
    range-parser "0.0.4"

typed.js@^2.0.9:
  version "2.0.11"
  resolved "https://registry.yarnpkg.com/typed.js/-/typed.js-2.0.11.tgz#d298a91f959f11a3803bf48b841a6fadd29640d9"
  integrity sha512-1ZORHalEyLob34q738mqmwp0pT6syMigB1SZuTItqdhovWBKFIt7I5uVALXAGQZCg2MCtihCt6uqkoqPJK+9iQ==
