# THIS IS AN AUTOGENERATED FILE. DO NOT EDIT THIS FILE DIRECTLY.
# yarn lockfile v1


"buffer-crc32@~0.2.1":
  "integrity" "sha1-DTM+PwDqxQqhRUq9MO+MKl2ackI="
  "resolved" "https://registry.npmjs.org/buffer-crc32/-/buffer-crc32-0.2.13.tgz"
  "version" "0.2.13"

"buffer-crc32@0.1.1":
  "integrity" "sha1-fhENyZU5CKt8MqzccMn5RbHLxSY="
  "resolved" "https://registry.npmjs.org/buffer-crc32/-/buffer-crc32-0.1.1.tgz"
  "version" "0.1.1"

"bytes@0.2.0":
  "integrity" "sha1-qtM+wU49wsp06OfUUfm6BTrU96A="
  "resolved" "https://registry.npmjs.org/bytes/-/bytes-0.2.0.tgz"
  "version" "0.2.0"

"commander@0.6.1":
  "integrity" "sha1-+mihT2qUXVTbvlDYzbMyDp47GgY="
  "resolved" "https://registry.npmjs.org/commander/-/commander-0.6.1.tgz"
  "version" "0.6.1"

"connect@2.7.5":
  "integrity" "sha1-E5ERtLA/BTOlJJJ6iKZGrkZ7LAI="
  "resolved" "https://registry.npmjs.org/connect/-/connect-2.7.5.tgz"
  "version" "2.7.5"
  dependencies:
    "buffer-crc32" "0.1.1"
    "bytes" "0.2.0"
    "cookie" "0.0.5"
    "cookie-signature" "1.0.0"
    "debug" "*"
    "formidable" "1.0.11"
    "fresh" "0.1.0"
    "pause" "0.0.1"
    "qs" "0.5.1"
    "send" "0.1.0"

"cookie-signature@1.0.0":
  "integrity" "sha1-AETzMqxiPfhRyRTojqzFfwyXBP4="
  "resolved" "https://registry.npmjs.org/cookie-signature/-/cookie-signature-1.0.0.tgz"
  "version" "1.0.0"

"cookie@0.0.5":
  "integrity" "sha1-+az521frdWjJ/MWWJWt7si4wfIE="
  "resolved" "https://registry.npmjs.org/cookie/-/cookie-0.0.5.tgz"
  "version" "0.0.5"

"debug@*":
  "integrity" "sha512-doEwdvm4PCeK4K3RQN2ZC2BYUBaxwLARCqZmMjtF8a51J2Rb0xpVloFRnCODwqjpwnAoao4pelN8l3RJdv3gRQ=="
  "resolved" "https://registry.npmjs.org/debug/-/debug-4.3.1.tgz"
  "version" "4.3.1"
  dependencies:
    "ms" "2.1.2"

"express@3.1.x":
  "integrity" "sha1-UqAsjbjyK7+g10eNhHzUUWH5hfc="
  "resolved" "https://registry.npmjs.org/express/-/express-3.1.2.tgz"
  "version" "3.1.2"
  dependencies:
    "buffer-crc32" "~0.2.1"
    "commander" "0.6.1"
    "connect" "2.7.5"
    "cookie" "0.0.5"
    "cookie-signature" "1.0.0"
    "debug" "*"
    "fresh" "0.1.0"
    "methods" "0.0.1"
    "mkdirp" "~0.3.4"
    "range-parser" "0.0.4"
    "send" "0.1.0"

"formidable@1.0.11":
  "integrity" "sha1-aPYzJaA15kS297s9ESQ7l2HeGzA="
  "resolved" "https://registry.npmjs.org/formidable/-/formidable-1.0.11.tgz"
  "version" "1.0.11"

"fresh@0.1.0":
  "integrity" "sha1-A+SwF4Qk5MLV0ZpU2IFM3JeTSFA="
  "resolved" "https://registry.npmjs.org/fresh/-/fresh-0.1.0.tgz"
  "version" "0.1.0"

"fullpage.js@^3.0.4":
  "integrity" "sha512-CBJZwOkOjX/RToG0L93LwJW4a+/67+AqGEvEagWh1N5KRgDXEOVKlo/TJzCzSI1LsOulb7yqXE8mOzRZzqeYMA=="
  "resolved" "https://registry.npmjs.org/fullpage.js/-/fullpage.js-3.0.9.tgz"
  "version" "3.0.9"

"jquery@^3.3.1", "jquery@>=1.8.3":
  "integrity" "sha512-XwIBPqcMn57FxfT+Go5pzySnm4KWkT1Tv7gjrpT1srtf8Weynl6R273VJ5GjkRb51IzMp5nbaPjJXMWeju2MKg=="
  "resolved" "https://registry.npmjs.org/jquery/-/jquery-3.5.1.tgz"
  "version" "3.5.1"

"methods@0.0.1":
  "integrity" "sha1-J3yQ+L7zlwlkWoNxxRw7bGSOBow="
  "resolved" "https://registry.npmjs.org/methods/-/methods-0.0.1.tgz"
  "version" "0.0.1"

"mime@1.2.6":
  "integrity" "sha1-sfhsdowCX6h7SAdfFwnyiuryA2U="
  "resolved" "https://registry.npmjs.org/mime/-/mime-1.2.6.tgz"
  "version" "1.2.6"

"mkdirp@~0.3.4":
  "integrity" "sha1-3j5fiWHIjHh+4TaN+EmsRBPsqNc="
  "resolved" "https://registry.npmjs.org/mkdirp/-/mkdirp-0.3.5.tgz"
  "version" "0.3.5"

"ms@2.1.2":
  "integrity" "sha512-sGkPx+VjMtmA6MX27oA4FBFELFCZZ4S4XqeGOXCv68tT+jb3vk/RyaKWP0PTKyWtmLSM0b+adUTEvbs1PEaH2w=="
  "resolved" "https://registry.npmjs.org/ms/-/ms-2.1.2.tgz"
  "version" "2.1.2"

"node-bin-setup@^1.0.0":
  "integrity" "sha512-uPIxXNis1CRbv1DwqAxkgBk5NFV3s7cMN/Gf556jSw6jBvV7ca4F9lRL/8cALcZecRibeqU+5dFYqFFmzv5a0Q=="
  "resolved" "https://registry.npmjs.org/node-bin-setup/-/node-bin-setup-1.0.6.tgz"
  "version" "1.0.6"

"node@^15.10.0":
  "integrity" "sha512-JboERsul33BpTDeth8SsGWg/gTZfNEWGMT5HVqIoyepRwAARznCjwdWvLHHd/A9bvAYFp5zaq46RnVArWz44kA=="
  "resolved" "https://registry.npmjs.org/node/-/node-15.10.0.tgz"
  "version" "15.10.0"
  dependencies:
    "node-bin-setup" "^1.0.0"

"owl.carousel@^2.3.4":
  "integrity" "sha512-JaDss9+feAvEW8KZppPSpllfposEzQiW+Ytt/Xm5t/3CTJ7YVmkh6RkWixoA2yXk2boIwedYxOvrrppIGzru9A=="
  "resolved" "https://registry.npmjs.org/owl.carousel/-/owl.carousel-2.3.4.tgz"
  "version" "2.3.4"
  dependencies:
    "jquery" ">=1.8.3"

"pagepiling.js@^1.5.5":
  "integrity" "sha512-FhiVFGrIOJ135YSDbfPamH+Llz9imQ0Z1K1lUxPiZHziXtOXgx74Jr44a+7IrSuqQxp1IYDhQoMN2pKmpG1kMQ=="
  "resolved" "https://registry.npmjs.org/pagepiling.js/-/pagepiling.js-1.5.6.tgz"
  "version" "1.5.6"

"pause@0.0.1":
  "integrity" "sha1-HUCLP9t2kjuVQ9lvtMnf1TXZy10="
  "resolved" "https://registry.npmjs.org/pause/-/pause-0.0.1.tgz"
  "version" "0.0.1"

"qs@0.5.1":
  "integrity" "sha1-n2v12axsdjhOldNtFbSJgOXkrdA="
  "resolved" "https://registry.npmjs.org/qs/-/qs-0.5.1.tgz"
  "version" "0.5.1"

"range-parser@0.0.4":
  "integrity" "sha1-wEJ//vUcEKy6B4KkbJYC50T/Ygs="
  "resolved" "https://registry.npmjs.org/range-parser/-/range-parser-0.0.4.tgz"
  "version" "0.0.4"

"send@0.1.0":
  "integrity" "sha1-z7COvTzsm3/Bo32f+eh1qXHPRkA="
  "resolved" "https://registry.npmjs.org/send/-/send-0.1.0.tgz"
  "version" "0.1.0"
  dependencies:
    "debug" "*"
    "fresh" "0.1.0"
    "mime" "1.2.6"
    "range-parser" "0.0.4"

"typed.js@^2.0.9":
  "integrity" "sha512-1ZORHalEyLob34q738mqmwp0pT6syMigB1SZuTItqdhovWBKFIt7I5uVALXAGQZCg2MCtihCt6uqkoqPJK+9iQ=="
  "resolved" "https://registry.npmjs.org/typed.js/-/typed.js-2.0.11.tgz"
  "version" "2.0.11"
